PODS:
  - CHIPageControl (0.1.7):
    - CHIPageControl/Aji (= 0.1.7)
    - CHIPageControl/Aleppo (= 0.1.7)
    - CHIPageControl/Chimayo (= 0.1.7)
    - CHIPageControl/Fresno (= 0.1.7)
    - CHIPageControl/Jalapeno (= 0.1.7)
    - CHIPageControl/Jaloro (= 0.1.7)
    - CHIPageControl/Paprika (= 0.1.7)
    - CHIPageControl/Puya (= 0.1.7)
  - CHIPageControl/Aji (0.1.7)
  - CHIPageControl/Aleppo (0.1.7)
  - CHIPageControl/Chimayo (0.1.7)
  - CHIPageControl/Fresno (0.1.7)
  - CHIPageControl/Jalapeno (0.1.7)
  - CHIPageControl/Jaloro (0.1.7)
  - CHIPageControl/Paprika (0.1.7)
  - CHIPageControl/Puya (0.1.7)
  - ZKCycleScrollView-Swift (2.0.2)

DEPENDENCIES:
  - CHIPageControl
  - ZKCycleScrollView-Swift

SPEC REPOS:
  https://github.com/CocoaPods/Specs.git:
    - CHIPageControl
  trunk:
    - ZKCycleScrollView-Swift

SPEC CHECKSUMS:
  CHIPageControl: bbe1ddd0c688c02ec65b7f7e7d34551a3d16f37c
  ZKCycleScrollView-Swift: c5d6c4aa5576a9bee2361ecd6c6e89996d9fd5d8

PODFILE CHECKSUM: af1e1c9086b41be4689dec5324ed98cc89d28726

COCOAPODS: 1.8.4
