// !$*UTF8*$!
{
	archiveVersion = 1;
	classes = {
	};
	objectVersion = 50;
	objects = {

/* Begin PBXBuildFile section */
		97D7698A970FAE8145D5B9E4 /* Pods_ZKCycleScrollViewDemo.framework in Frameworks */ = {isa = PBXBuildFile; fileRef = 14B924C4A707B2C21B91375C /* Pods_ZKCycleScrollViewDemo.framework */; };
		FDD9039822328C1000596E20 /* AppDelegate.swift in Sources */ = {isa = PBXBuildFile; fileRef = FDD9039722328C1000596E20 /* AppDelegate.swift */; };
		FDD9039A22328C1000596E20 /* ViewController.swift in Sources */ = {isa = PBXBuildFile; fileRef = FDD9039922328C1000596E20 /* ViewController.swift */; };
		FDD9039D22328C1000596E20 /* Main.storyboard in Resources */ = {isa = PBXBuildFile; fileRef = FDD9039B22328C1000596E20 /* Main.storyboard */; };
		FDD9039F22328C1100596E20 /* Assets.xcassets in Resources */ = {isa = PBXBuildFile; fileRef = FDD9039E22328C1100596E20 /* Assets.xcassets */; };
		FDD903A222328C1100596E20 /* LaunchScreen.storyboard in Resources */ = {isa = PBXBuildFile; fileRef = FDD903A022328C1100596E20 /* LaunchScreen.storyboard */; };
		FDD903AB22328E7200596E20 /* ZKCycleScrollView.swift in Sources */ = {isa = PBXBuildFile; fileRef = FDD903AA22328E7200596E20 /* ZKCycleScrollView.swift */; };
		FDD903AF2232933A00596E20 /* LocalImageCell.swift in Sources */ = {isa = PBXBuildFile; fileRef = FDD903AE2232933A00596E20 /* LocalImageCell.swift */; };
		FDD903B12232952C00596E20 /* UIColor+Hex.swift in Sources */ = {isa = PBXBuildFile; fileRef = FDD903B02232952C00596E20 /* UIColor+Hex.swift */; };
		FDD903B3223299EE00596E20 /* RemoteImageCell.swift in Sources */ = {isa = PBXBuildFile; fileRef = FDD903B2223299EE00596E20 /* RemoteImageCell.swift */; };
		FDD903B52232A0DA00596E20 /* TextCell.swift in Sources */ = {isa = PBXBuildFile; fileRef = FDD903B42232A0DA00596E20 /* TextCell.swift */; };
/* End PBXBuildFile section */

/* Begin PBXFileReference section */
		14B924C4A707B2C21B91375C /* Pods_ZKCycleScrollViewDemo.framework */ = {isa = PBXFileReference; explicitFileType = wrapper.framework; includeInIndex = 0; path = Pods_ZKCycleScrollViewDemo.framework; sourceTree = BUILT_PRODUCTS_DIR; };
		8AC77DDE37F4B07C8E652AB7 /* Pods-ZKCycleScrollViewDemo.debug.xcconfig */ = {isa = PBXFileReference; includeInIndex = 1; lastKnownFileType = text.xcconfig; name = "Pods-ZKCycleScrollViewDemo.debug.xcconfig"; path = "Pods/Target Support Files/Pods-ZKCycleScrollViewDemo/Pods-ZKCycleScrollViewDemo.debug.xcconfig"; sourceTree = "<group>"; };
		AA266AB887B40F97034B0166 /* Pods-ZKCycleScrollViewDemo.release.xcconfig */ = {isa = PBXFileReference; includeInIndex = 1; lastKnownFileType = text.xcconfig; name = "Pods-ZKCycleScrollViewDemo.release.xcconfig"; path = "Pods/Target Support Files/Pods-ZKCycleScrollViewDemo/Pods-ZKCycleScrollViewDemo.release.xcconfig"; sourceTree = "<group>"; };
		FDD9039422328C1000596E20 /* ZKCycleScrollViewDemo.app */ = {isa = PBXFileReference; explicitFileType = wrapper.application; includeInIndex = 0; path = ZKCycleScrollViewDemo.app; sourceTree = BUILT_PRODUCTS_DIR; };
		FDD9039722328C1000596E20 /* AppDelegate.swift */ = {isa = PBXFileReference; lastKnownFileType = sourcecode.swift; path = AppDelegate.swift; sourceTree = "<group>"; };
		FDD9039922328C1000596E20 /* ViewController.swift */ = {isa = PBXFileReference; lastKnownFileType = sourcecode.swift; path = ViewController.swift; sourceTree = "<group>"; };
		FDD9039C22328C1000596E20 /* Base */ = {isa = PBXFileReference; lastKnownFileType = file.storyboard; name = Base; path = Base.lproj/Main.storyboard; sourceTree = "<group>"; };
		FDD9039E22328C1100596E20 /* Assets.xcassets */ = {isa = PBXFileReference; lastKnownFileType = folder.assetcatalog; path = Assets.xcassets; sourceTree = "<group>"; };
		FDD903A122328C1100596E20 /* Base */ = {isa = PBXFileReference; lastKnownFileType = file.storyboard; name = Base; path = Base.lproj/LaunchScreen.storyboard; sourceTree = "<group>"; };
		FDD903A322328C1100596E20 /* Info.plist */ = {isa = PBXFileReference; lastKnownFileType = text.plist.xml; path = Info.plist; sourceTree = "<group>"; };
		FDD903AA22328E7200596E20 /* ZKCycleScrollView.swift */ = {isa = PBXFileReference; lastKnownFileType = sourcecode.swift; path = ZKCycleScrollView.swift; sourceTree = "<group>"; };
		FDD903AE2232933A00596E20 /* LocalImageCell.swift */ = {isa = PBXFileReference; lastKnownFileType = sourcecode.swift; path = LocalImageCell.swift; sourceTree = "<group>"; };
		FDD903B02232952C00596E20 /* UIColor+Hex.swift */ = {isa = PBXFileReference; lastKnownFileType = sourcecode.swift; path = "UIColor+Hex.swift"; sourceTree = "<group>"; };
		FDD903B2223299EE00596E20 /* RemoteImageCell.swift */ = {isa = PBXFileReference; lastKnownFileType = sourcecode.swift; path = RemoteImageCell.swift; sourceTree = "<group>"; };
		FDD903B42232A0DA00596E20 /* TextCell.swift */ = {isa = PBXFileReference; lastKnownFileType = sourcecode.swift; path = TextCell.swift; sourceTree = "<group>"; };
/* End PBXFileReference section */

/* Begin PBXFrameworksBuildPhase section */
		FDD9039122328C1000596E20 /* Frameworks */ = {
			isa = PBXFrameworksBuildPhase;
			buildActionMask = 2147483647;
			files = (
				97D7698A970FAE8145D5B9E4 /* Pods_ZKCycleScrollViewDemo.framework in Frameworks */,
			);
			runOnlyForDeploymentPostprocessing = 0;
		};
/* End PBXFrameworksBuildPhase section */

/* Begin PBXGroup section */
		56251EE3BA148B5604CFC08F /* Frameworks */ = {
			isa = PBXGroup;
			children = (
				14B924C4A707B2C21B91375C /* Pods_ZKCycleScrollViewDemo.framework */,
			);
			name = Frameworks;
			sourceTree = "<group>";
		};
		B6721998B360EFA52B702D94 /* Pods */ = {
			isa = PBXGroup;
			children = (
				8AC77DDE37F4B07C8E652AB7 /* Pods-ZKCycleScrollViewDemo.debug.xcconfig */,
				AA266AB887B40F97034B0166 /* Pods-ZKCycleScrollViewDemo.release.xcconfig */,
			);
			name = Pods;
			sourceTree = "<group>";
		};
		FDD9038B22328C1000596E20 = {
			isa = PBXGroup;
			children = (
				FDD9039622328C1000596E20 /* ZKCycleScrollViewDemo */,
				FDD9039522328C1000596E20 /* Products */,
				B6721998B360EFA52B702D94 /* Pods */,
				56251EE3BA148B5604CFC08F /* Frameworks */,
			);
			sourceTree = "<group>";
		};
		FDD9039522328C1000596E20 /* Products */ = {
			isa = PBXGroup;
			children = (
				FDD9039422328C1000596E20 /* ZKCycleScrollViewDemo.app */,
			);
			name = Products;
			sourceTree = "<group>";
		};
		FDD9039622328C1000596E20 /* ZKCycleScrollViewDemo */ = {
			isa = PBXGroup;
			children = (
				FDD9039722328C1000596E20 /* AppDelegate.swift */,
				FDD9039922328C1000596E20 /* ViewController.swift */,
				FDD903B42232A0DA00596E20 /* TextCell.swift */,
				FDD903AE2232933A00596E20 /* LocalImageCell.swift */,
				FDD903B2223299EE00596E20 /* RemoteImageCell.swift */,
				FDD903B02232952C00596E20 /* UIColor+Hex.swift */,
				FDD903A922328D4C00596E20 /* ZKCycleScrollView */,
				FDD9039B22328C1000596E20 /* Main.storyboard */,
				FDD9039E22328C1100596E20 /* Assets.xcassets */,
				FDD903A022328C1100596E20 /* LaunchScreen.storyboard */,
				FDD903A322328C1100596E20 /* Info.plist */,
			);
			path = ZKCycleScrollViewDemo;
			sourceTree = "<group>";
		};
		FDD903A922328D4C00596E20 /* ZKCycleScrollView */ = {
			isa = PBXGroup;
			children = (
				FDD903AA22328E7200596E20 /* ZKCycleScrollView.swift */,
			);
			path = ZKCycleScrollView;
			sourceTree = "<group>";
		};
/* End PBXGroup section */

/* Begin PBXNativeTarget section */
		FDD9039322328C1000596E20 /* ZKCycleScrollViewDemo */ = {
			isa = PBXNativeTarget;
			buildConfigurationList = FDD903A622328C1100596E20 /* Build configuration list for PBXNativeTarget "ZKCycleScrollViewDemo" */;
			buildPhases = (
				D7A14D492267DB0311D7EB29 /* [CP] Check Pods Manifest.lock */,
				FDD9039022328C1000596E20 /* Sources */,
				FDD9039122328C1000596E20 /* Frameworks */,
				FDD9039222328C1000596E20 /* Resources */,
				C2505FE120B8979E50685BB9 /* [CP] Embed Pods Frameworks */,
			);
			buildRules = (
			);
			dependencies = (
			);
			name = ZKCycleScrollViewDemo;
			productName = ZKCycleScrollViewDemo;
			productReference = FDD9039422328C1000596E20 /* ZKCycleScrollViewDemo.app */;
			productType = "com.apple.product-type.application";
		};
/* End PBXNativeTarget section */

/* Begin PBXProject section */
		FDD9038C22328C1000596E20 /* Project object */ = {
			isa = PBXProject;
			attributes = {
				LastSwiftUpdateCheck = 1000;
				LastUpgradeCheck = 1000;
				ORGANIZATIONNAME = bestdew;
				TargetAttributes = {
					FDD9039322328C1000596E20 = {
						CreatedOnToolsVersion = 10.0;
					};
				};
			};
			buildConfigurationList = FDD9038F22328C1000596E20 /* Build configuration list for PBXProject "ZKCycleScrollViewDemo" */;
			compatibilityVersion = "Xcode 9.3";
			developmentRegion = en;
			hasScannedForEncodings = 0;
			knownRegions = (
				en,
				Base,
			);
			mainGroup = FDD9038B22328C1000596E20;
			productRefGroup = FDD9039522328C1000596E20 /* Products */;
			projectDirPath = "";
			projectRoot = "";
			targets = (
				FDD9039322328C1000596E20 /* ZKCycleScrollViewDemo */,
			);
		};
/* End PBXProject section */

/* Begin PBXResourcesBuildPhase section */
		FDD9039222328C1000596E20 /* Resources */ = {
			isa = PBXResourcesBuildPhase;
			buildActionMask = 2147483647;
			files = (
				FDD903A222328C1100596E20 /* LaunchScreen.storyboard in Resources */,
				FDD9039F22328C1100596E20 /* Assets.xcassets in Resources */,
				FDD9039D22328C1000596E20 /* Main.storyboard in Resources */,
			);
			runOnlyForDeploymentPostprocessing = 0;
		};
/* End PBXResourcesBuildPhase section */

/* Begin PBXShellScriptBuildPhase section */
		C2505FE120B8979E50685BB9 /* [CP] Embed Pods Frameworks */ = {
			isa = PBXShellScriptBuildPhase;
			buildActionMask = 2147483647;
			files = (
			);
			inputFileListPaths = (
			);
			inputPaths = (
				"${SRCROOT}/Pods/Target Support Files/Pods-ZKCycleScrollViewDemo/Pods-ZKCycleScrollViewDemo-frameworks.sh",
				"${BUILT_PRODUCTS_DIR}/CHIPageControl/CHIPageControl.framework",
				"${BUILT_PRODUCTS_DIR}/Kingfisher/Kingfisher.framework",
			);
			name = "[CP] Embed Pods Frameworks";
			outputFileListPaths = (
			);
			outputPaths = (
				"${TARGET_BUILD_DIR}/${FRAMEWORKS_FOLDER_PATH}/CHIPageControl.framework",
				"${TARGET_BUILD_DIR}/${FRAMEWORKS_FOLDER_PATH}/Kingfisher.framework",
			);
			runOnlyForDeploymentPostprocessing = 0;
			shellPath = /bin/sh;
			shellScript = "\"${SRCROOT}/Pods/Target Support Files/Pods-ZKCycleScrollViewDemo/Pods-ZKCycleScrollViewDemo-frameworks.sh\"\n";
			showEnvVarsInLog = 0;
		};
		D7A14D492267DB0311D7EB29 /* [CP] Check Pods Manifest.lock */ = {
			isa = PBXShellScriptBuildPhase;
			buildActionMask = 2147483647;
			files = (
			);
			inputFileListPaths = (
			);
			inputPaths = (
				"${PODS_PODFILE_DIR_PATH}/Podfile.lock",
				"${PODS_ROOT}/Manifest.lock",
			);
			name = "[CP] Check Pods Manifest.lock";
			outputFileListPaths = (
			);
			outputPaths = (
				"$(DERIVED_FILE_DIR)/Pods-ZKCycleScrollViewDemo-checkManifestLockResult.txt",
			);
			runOnlyForDeploymentPostprocessing = 0;
			shellPath = /bin/sh;
			shellScript = "diff \"${PODS_PODFILE_DIR_PATH}/Podfile.lock\" \"${PODS_ROOT}/Manifest.lock\" > /dev/null\nif [ $? != 0 ] ; then\n    # print error to STDERR\n    echo \"error: The sandbox is not in sync with the Podfile.lock. Run 'pod install' or update your CocoaPods installation.\" >&2\n    exit 1\nfi\n# This output is used by Xcode 'outputs' to avoid re-running this script phase.\necho \"SUCCESS\" > \"${SCRIPT_OUTPUT_FILE_0}\"\n";
			showEnvVarsInLog = 0;
		};
/* End PBXShellScriptBuildPhase section */

/* Begin PBXSourcesBuildPhase section */
		FDD9039022328C1000596E20 /* Sources */ = {
			isa = PBXSourcesBuildPhase;
			buildActionMask = 2147483647;
			files = (
				FDD9039A22328C1000596E20 /* ViewController.swift in Sources */,
				FDD903B3223299EE00596E20 /* RemoteImageCell.swift in Sources */,
				FDD903AF2232933A00596E20 /* LocalImageCell.swift in Sources */,
				FDD903B52232A0DA00596E20 /* TextCell.swift in Sources */,
				FDD9039822328C1000596E20 /* AppDelegate.swift in Sources */,
				FDD903AB22328E7200596E20 /* ZKCycleScrollView.swift in Sources */,
				FDD903B12232952C00596E20 /* UIColor+Hex.swift in Sources */,
			);
			runOnlyForDeploymentPostprocessing = 0;
		};
/* End PBXSourcesBuildPhase section */

/* Begin PBXVariantGroup section */
		FDD9039B22328C1000596E20 /* Main.storyboard */ = {
			isa = PBXVariantGroup;
			children = (
				FDD9039C22328C1000596E20 /* Base */,
			);
			name = Main.storyboard;
			sourceTree = "<group>";
		};
		FDD903A022328C1100596E20 /* LaunchScreen.storyboard */ = {
			isa = PBXVariantGroup;
			children = (
				FDD903A122328C1100596E20 /* Base */,
			);
			name = LaunchScreen.storyboard;
			sourceTree = "<group>";
		};
/* End PBXVariantGroup section */

/* Begin XCBuildConfiguration section */
		FDD903A422328C1100596E20 /* Debug */ = {
			isa = XCBuildConfiguration;
			buildSettings = {
				ALWAYS_SEARCH_USER_PATHS = NO;
				CLANG_ANALYZER_NONNULL = YES;
				CLANG_ANALYZER_NUMBER_OBJECT_CONVERSION = YES_AGGRESSIVE;
				CLANG_CXX_LANGUAGE_STANDARD = "gnu++14";
				CLANG_CXX_LIBRARY = "libc++";
				CLANG_ENABLE_MODULES = YES;
				CLANG_ENABLE_OBJC_ARC = YES;
				CLANG_ENABLE_OBJC_WEAK = YES;
				CLANG_WARN_BLOCK_CAPTURE_AUTORELEASING = YES;
				CLANG_WARN_BOOL_CONVERSION = YES;
				CLANG_WARN_COMMA = YES;
				CLANG_WARN_CONSTANT_CONVERSION = YES;
				CLANG_WARN_DEPRECATED_OBJC_IMPLEMENTATIONS = YES;
				CLANG_WARN_DIRECT_OBJC_ISA_USAGE = YES_ERROR;
				CLANG_WARN_DOCUMENTATION_COMMENTS = YES;
				CLANG_WARN_EMPTY_BODY = YES;
				CLANG_WARN_ENUM_CONVERSION = YES;
				CLANG_WARN_INFINITE_RECURSION = YES;
				CLANG_WARN_INT_CONVERSION = YES;
				CLANG_WARN_NON_LITERAL_NULL_CONVERSION = YES;
				CLANG_WARN_OBJC_IMPLICIT_RETAIN_SELF = YES;
				CLANG_WARN_OBJC_LITERAL_CONVERSION = YES;
				CLANG_WARN_OBJC_ROOT_CLASS = YES_ERROR;
				CLANG_WARN_RANGE_LOOP_ANALYSIS = YES;
				CLANG_WARN_STRICT_PROTOTYPES = YES;
				CLANG_WARN_SUSPICIOUS_MOVE = YES;
				CLANG_WARN_UNGUARDED_AVAILABILITY = YES_AGGRESSIVE;
				CLANG_WARN_UNREACHABLE_CODE = YES;
				CLANG_WARN__DUPLICATE_METHOD_MATCH = YES;
				CODE_SIGN_IDENTITY = "iPhone Developer";
				COPY_PHASE_STRIP = NO;
				DEBUG_INFORMATION_FORMAT = dwarf;
				ENABLE_STRICT_OBJC_MSGSEND = YES;
				ENABLE_TESTABILITY = YES;
				GCC_C_LANGUAGE_STANDARD = gnu11;
				GCC_DYNAMIC_NO_PIC = NO;
				GCC_NO_COMMON_BLOCKS = YES;
				GCC_OPTIMIZATION_LEVEL = 0;
				GCC_PREPROCESSOR_DEFINITIONS = (
					"DEBUG=1",
					"$(inherited)",
				);
				GCC_WARN_64_TO_32_BIT_CONVERSION = YES;
				GCC_WARN_ABOUT_RETURN_TYPE = YES_ERROR;
				GCC_WARN_UNDECLARED_SELECTOR = YES;
				GCC_WARN_UNINITIALIZED_AUTOS = YES_AGGRESSIVE;
				GCC_WARN_UNUSED_FUNCTION = YES;
				GCC_WARN_UNUSED_VARIABLE = YES;
				IPHONEOS_DEPLOYMENT_TARGET = 12.0;
				MTL_ENABLE_DEBUG_INFO = INCLUDE_SOURCE;
				MTL_FAST_MATH = YES;
				ONLY_ACTIVE_ARCH = YES;
				SDKROOT = iphoneos;
				SWIFT_ACTIVE_COMPILATION_CONDITIONS = DEBUG;
				SWIFT_OPTIMIZATION_LEVEL = "-Onone";
			};
			name = Debug;
		};
		FDD903A522328C1100596E20 /* Release */ = {
			isa = XCBuildConfiguration;
			buildSettings = {
				ALWAYS_SEARCH_USER_PATHS = NO;
				CLANG_ANALYZER_NONNULL = YES;
				CLANG_ANALYZER_NUMBER_OBJECT_CONVERSION = YES_AGGRESSIVE;
				CLANG_CXX_LANGUAGE_STANDARD = "gnu++14";
				CLANG_CXX_LIBRARY = "libc++";
				CLANG_ENABLE_MODULES = YES;
				CLANG_ENABLE_OBJC_ARC = YES;
				CLANG_ENABLE_OBJC_WEAK = YES;
				CLANG_WARN_BLOCK_CAPTURE_AUTORELEASING = YES;
				CLANG_WARN_BOOL_CONVERSION = YES;
				CLANG_WARN_COMMA = YES;
				CLANG_WARN_CONSTANT_CONVERSION = YES;
				CLANG_WARN_DEPRECATED_OBJC_IMPLEMENTATIONS = YES;
				CLANG_WARN_DIRECT_OBJC_ISA_USAGE = YES_ERROR;
				CLANG_WARN_DOCUMENTATION_COMMENTS = YES;
				CLANG_WARN_EMPTY_BODY = YES;
				CLANG_WARN_ENUM_CONVERSION = YES;
				CLANG_WARN_INFINITE_RECURSION = YES;
				CLANG_WARN_INT_CONVERSION = YES;
				CLANG_WARN_NON_LITERAL_NULL_CONVERSION = YES;
				CLANG_WARN_OBJC_IMPLICIT_RETAIN_SELF = YES;
				CLANG_WARN_OBJC_LITERAL_CONVERSION = YES;
				CLANG_WARN_OBJC_ROOT_CLASS = YES_ERROR;
				CLANG_WARN_RANGE_LOOP_ANALYSIS = YES;
				CLANG_WARN_STRICT_PROTOTYPES = YES;
				CLANG_WARN_SUSPICIOUS_MOVE = YES;
				CLANG_WARN_UNGUARDED_AVAILABILITY = YES_AGGRESSIVE;
				CLANG_WARN_UNREACHABLE_CODE = YES;
				CLANG_WARN__DUPLICATE_METHOD_MATCH = YES;
				CODE_SIGN_IDENTITY = "iPhone Developer";
				COPY_PHASE_STRIP = NO;
				DEBUG_INFORMATION_FORMAT = "dwarf-with-dsym";
				ENABLE_NS_ASSERTIONS = NO;
				ENABLE_STRICT_OBJC_MSGSEND = YES;
				GCC_C_LANGUAGE_STANDARD = gnu11;
				GCC_NO_COMMON_BLOCKS = YES;
				GCC_WARN_64_TO_32_BIT_CONVERSION = YES;
				GCC_WARN_ABOUT_RETURN_TYPE = YES_ERROR;
				GCC_WARN_UNDECLARED_SELECTOR = YES;
				GCC_WARN_UNINITIALIZED_AUTOS = YES_AGGRESSIVE;
				GCC_WARN_UNUSED_FUNCTION = YES;
				GCC_WARN_UNUSED_VARIABLE = YES;
				IPHONEOS_DEPLOYMENT_TARGET = 12.0;
				MTL_ENABLE_DEBUG_INFO = NO;
				MTL_FAST_MATH = YES;
				SDKROOT = iphoneos;
				SWIFT_COMPILATION_MODE = wholemodule;
				SWIFT_OPTIMIZATION_LEVEL = "-O";
				VALIDATE_PRODUCT = YES;
			};
			name = Release;
		};
		FDD903A722328C1100596E20 /* Debug */ = {
			isa = XCBuildConfiguration;
			baseConfigurationReference = 8AC77DDE37F4B07C8E652AB7 /* Pods-ZKCycleScrollViewDemo.debug.xcconfig */;
			buildSettings = {
				ASSETCATALOG_COMPILER_APPICON_NAME = AppIcon;
				CODE_SIGN_STYLE = Automatic;
				INFOPLIST_FILE = ZKCycleScrollViewDemo/Info.plist;
				LD_RUNPATH_SEARCH_PATHS = (
					"$(inherited)",
					"@executable_path/Frameworks",
				);
				PRODUCT_BUNDLE_IDENTIFIER = bestdew.ZKCycleScrollViewDemo;
				PRODUCT_NAME = "$(TARGET_NAME)";
				SWIFT_VERSION = 4.2;
				TARGETED_DEVICE_FAMILY = "1,2";
			};
			name = Debug;
		};
		FDD903A822328C1100596E20 /* Release */ = {
			isa = XCBuildConfiguration;
			baseConfigurationReference = AA266AB887B40F97034B0166 /* Pods-ZKCycleScrollViewDemo.release.xcconfig */;
			buildSettings = {
				ASSETCATALOG_COMPILER_APPICON_NAME = AppIcon;
				CODE_SIGN_STYLE = Automatic;
				INFOPLIST_FILE = ZKCycleScrollViewDemo/Info.plist;
				LD_RUNPATH_SEARCH_PATHS = (
					"$(inherited)",
					"@executable_path/Frameworks",
				);
				PRODUCT_BUNDLE_IDENTIFIER = bestdew.ZKCycleScrollViewDemo;
				PRODUCT_NAME = "$(TARGET_NAME)";
				SWIFT_VERSION = 4.2;
				TARGETED_DEVICE_FAMILY = "1,2";
			};
			name = Release;
		};
/* End XCBuildConfiguration section */

/* Begin XCConfigurationList section */
		FDD9038F22328C1000596E20 /* Build configuration list for PBXProject "ZKCycleScrollViewDemo" */ = {
			isa = XCConfigurationList;
			buildConfigurations = (
				FDD903A422328C1100596E20 /* Debug */,
				FDD903A522328C1100596E20 /* Release */,
			);
			defaultConfigurationIsVisible = 0;
			defaultConfigurationName = Release;
		};
		FDD903A622328C1100596E20 /* Build configuration list for PBXNativeTarget "ZKCycleScrollViewDemo" */ = {
			isa = XCConfigurationList;
			buildConfigurations = (
				FDD903A722328C1100596E20 /* Debug */,
				FDD903A822328C1100596E20 /* Release */,
			);
			defaultConfigurationIsVisible = 0;
			defaultConfigurationName = Release;
		};
/* End XCConfigurationList section */
	};
	rootObject = FDD9038C22328C1000596E20 /* Project object */;
}
